{
  "version": 4,
  "terraform_version": "0.14.6",
  "serial": 6,
  "lineage": "ab42cce6-6164-8d40-c7ca-344bec1df184",
  "outputs": {},
  "resources": [
    {
      "mode": "managed",
      "type": "heroku_app",
      "name": "projet_cloud_app_production",
      "provider": "provider[\"registry.terraform.io/heroku/heroku\"]",
      "instances": [
        {
          "schema_version": 0,
          "attributes": {
            "acm": false,
            "all_config_vars": {
              "DATABASE_URL": "database prod"
            },
            "buildpacks": [
              "heroku/go"
            ],
            "config_vars": {
              "DATABASE_URL": "database prod"
            },
            "git_url": "https://git.heroku.com/projet-cloud-app-pouction.git",
            "heroku_hostname": "projet-cloud-app-pouction.herokuapp.com",
            "id": "projet-cloud-app-pouction",
            "internal_routing": false,
            "name": "projet-cloud-app-pouction",
            "organization": [],
            "region": "us",
            "sensitive_config_vars": {},
            "space": null,
            "stack": "heroku-20",
            "uuid": "765c94fb-a1bf-4d2b-9e04-5190a26d1410",
            "web_url": "https://projet-cloud-app-pouction.herokuapp.com/"
          },
          "sensitive_attributes": [],
          "private": "bnVsbA=="
        }
      ]
    },
    {
      "mode": "managed",
      "type": "heroku_app",
      "name": "projet_cloud_app_staging",
      "provider": "provider[\"registry.terraform.io/heroku/heroku\"]",
      "instances": [
        {
          "schema_version": 0,
          "attributes": {
            "acm": false,
            "all_config_vars": {
              "DATABASE_URL": "database staging"
            },
            "buildpacks": [
              "heroku/go"
            ],
            "config_vars": {
              "DATABASE_URL": "database staging"
            },
            "git_url": "https://git.heroku.com/projet-cloud-app-staging.git",
            "heroku_hostname": "projet-cloud-app-staging.herokuapp.com",
            "id": "projet-cloud-app-staging",
            "internal_routing": false,
            "name": "projet-cloud-app-staging",
            "organization": [],
            "region": "us",
            "sensitive_config_vars": {},
            "space": null,
            "stack": "heroku-20",
            "uuid": "2b3a3a09-5730-483d-85b3-e03aed4d1ae9",
            "web_url": "https://projet-cloud-app-staging.herokuapp.com/"
          },
          "sensitive_attributes": [],
          "private": "bnVsbA=="
        }
      ]
    },
    {
      "mode": "managed",
      "type": "heroku_pipeline",
      "name": "projet_cloud_app_pipeline",
      "provider": "provider[\"registry.terraform.io/heroku/heroku\"]",
      "instances": [
        {
          "schema_version": 0,
          "attributes": {
            "id": "881d190f-3ae6-43ae-800b-ab1fb4711a84",
            "name": "projet-cloud-app-pipeline",
            "owner": [
              {
                "id": "b46ada41-60cd-40e8-bb94-3c95c010c4a2",
                "type": "user"
              }
            ]
          },
          "sensitive_attributes": [],
          "private": "bnVsbA=="
        }
      ]
    },
    {
      "mode": "managed",
      "type": "heroku_pipeline_coupling",
      "name": "stage_production",
      "provider": "provider[\"registry.terraform.io/heroku/heroku\"]",
      "instances": [
        {
          "schema_version": 0,
          "attributes": {
            "app": "projet-cloud-app-pouction",
            "app_id": "765c94fb-a1bf-4d2b-9e04-5190a26d1410",
            "id": "913d1210-d9c9-44cc-b754-44c66c86d09d",
            "pipeline": "881d190f-3ae6-43ae-800b-ab1fb4711a84",
            "stage": "production"
          },
          "sensitive_attributes": [],
          "private": "bnVsbA==",
          "dependencies": [
            "heroku_app.projet_cloud_app_production",
            "heroku_pipeline.projet_cloud_app_pipeline"
          ]
        }
      ]
    },
    {
      "mode": "managed",
      "type": "heroku_pipeline_coupling",
      "name": "stage_staging",
      "provider": "provider[\"registry.terraform.io/heroku/heroku\"]",
      "instances": [
        {
          "schema_version": 0,
          "attributes": {
            "app": "projet-cloud-app-staging",
            "app_id": "2b3a3a09-5730-483d-85b3-e03aed4d1ae9",
            "id": "69fbd81a-6ae0-436d-a6d8-11f1d5556c03",
            "pipeline": "881d190f-3ae6-43ae-800b-ab1fb4711a84",
            "stage": "staging"
          },
          "sensitive_attributes": [],
          "private": "bnVsbA==",
          "dependencies": [
            "heroku_app.projet_cloud_app_staging",
            "heroku_pipeline.projet_cloud_app_pipeline"
          ]
        }
      ]
    }
  ]
}
